
Microsoft Visual Studio Solution File, Format Version 12.00
# Visual Studio Version 16
VisualStudioVersion = 16.0.31702.278
MinimumVisualStudioVersion = 10.0.40219.1
Project("{FAE04EC0-301F-11D3-BF4B-00C04F79EFBC}") = "Magic dreams", "Magic dreams\Magic dreams.csproj", "{B532FED1-457F-4FE7-94BC-BC3BBB180447}"
EndProject
Global
	GlobalSection(SolutionConfigurationPlatforms) = preSolution
		Debug|Any CPU = Debug|Any CPU
		Release|Any CPU = Release|Any CPU
	EndGlobalSection
	GlobalSection(ProjectConfigurationPlatforms) = postSolution
		{B532FED1-457F-4FE7-94BC-BC3BBB180447}.Debug|Any CPU.ActiveCfg = Debug|Any CPU
		{B532FED1-457F-4FE7-94BC-BC3BBB180447}.Debug|Any CPU.Build.0 = Debug|Any CPU
		{B532FED1-457F-4FE7-94BC-BC3BBB180447}.Release|Any CPU.ActiveCfg = Release|Any CPU
		{B532FED1-457F-4FE7-94BC-BC3BBB180447}.Release|Any CPU.Build.0 = Release|Any CPU
	EndGlobalSection
	GlobalSection(SolutionProperties) = preSolution
		HideSolutionNode = FALSE
	EndGlobalSection
	GlobalSection(ExtensibilityGlobals) = postSolution
		SolutionGuid = {5A53C55D-E96E-4964-A552-CD789C7C73BA}
	EndGlobalSection
EndGlobal
